
Microsoft Visual Studio Solution File, Format Version 12.00
# Visual Studio Version 17
VisualStudioVersion = 17.6.33829.357
MinimumVisualStudioVersion = 10.0.40219.1
Project("{9A19103F-16F7-4668-BE54-9A1E7A4F7556}") = "PatternsPractice", "PatternsPractice\PatternsPractice.csproj", "{665F2326-87C5-4FD3-80D3-F05F65332725}"
EndProject
Global
	GlobalSection(SolutionConfigurationPlatforms) = preSolution
		Debug|Any CPU = Debug|Any CPU
		Release|Any CPU = Release|Any CPU
	EndGlobalSection
	GlobalSection(ProjectConfigurationPlatforms) = postSolution
		{665F2326-87C5-4FD3-80D3-F05F65332725}.Debug|Any CPU.ActiveCfg = Debug|Any CPU
		{665F2326-87C5-4FD3-80D3-F05F65332725}.Debug|Any CPU.Build.0 = Debug|Any CPU
		{665F2326-87C5-4FD3-80D3-F05F65332725}.Release|Any CPU.ActiveCfg = Release|Any CPU
		{665F2326-87C5-4FD3-80D3-F05F65332725}.Release|Any CPU.Build.0 = Release|Any CPU
	EndGlobalSection
	GlobalSection(SolutionProperties) = preSolution
		HideSolutionNode = FALSE
	EndGlobalSection
	GlobalSection(ExtensibilityGlobals) = postSolution
		SolutionGuid = {43D8D7A3-5450-4832-A680-A1979D8C3EAA}
	EndGlobalSection
EndGlobal
